
Microsoft Visual Studio Solution File, Format Version 12.00
# Visual Studio 15
VisualStudioVersion = 15.0.27130.2010
MinimumVisualStudioVersion = 10.0.40219.1
Project("{FAE04EC0-301F-11D3-BF4B-00C04F79EFBC}") = "DesignPatterns", "DesignPatterns\DesignPatterns.csproj", "{07CF7A07-42A0-4879-BEAB-52129BDFEF33}"
EndProject
Global
	GlobalSection(SolutionConfigurationPlatforms) = preSolution
		Debug|Any CPU = Debug|Any CPU
		Release|Any CPU = Release|Any CPU
	EndGlobalSection
	GlobalSection(ProjectConfigurationPlatforms) = postSolution
		{07CF7A07-42A0-4879-BEAB-52129BDFEF33}.Debug|Any CPU.ActiveCfg = Debug|Any CPU
		{07CF7A07-42A0-4879-BEAB-52129BDFEF33}.Debug|Any CPU.Build.0 = Debug|Any CPU
		{07CF7A07-42A0-4879-BEAB-52129BDFEF33}.Release|Any CPU.ActiveCfg = Release|Any CPU
		{07CF7A07-42A0-4879-BEAB-52129BDFEF33}.Release|Any CPU.Build.0 = Release|Any CPU
	EndGlobalSection
	GlobalSection(SolutionProperties) = preSolution
		HideSolutionNode = FALSE
	EndGlobalSection
	GlobalSection(ExtensibilityGlobals) = postSolution
		SolutionGuid = {CE54A2C8-796B-49CC-ACD0-CEB6D571F21C}
	EndGlobalSection
EndGlobal
